# This file was autogenerated by Stack.
# You should not edit this file by hand.
# For more information, please see the documentation at:
#   https://docs.haskellstack.org/en/stable/lock_files

packages:
- completed:
    hackage: hegg-0.3.0.0@sha256:913a91c7326a767626d6bc949ea38af857cc6dee22b3e49270f7342e2b2bf762,5718
    pantry-tree:
      sha256: 14f9d1f8409bdbf66deaac5a7e38792ed55a56bbbcbb175bd3fa9dd334b754e4
      size: 2313
  original:
    hackage: hegg-0.3.0.0
- completed:
    commit: 7ce188bf5f1d752ae7da40a047c2dda5e75a64fe
    git: https://github.com/folivetti/srtree.git
    name: srtree
    pantry-tree:
      sha256: 6c776accb4133c1faa22b669ffa279a999b65b2a6e8d489aa71b17740b0b7d15
      size: 2415
    version: 1.0.0.5
  original:
    commit: 7ce188bf5f1d752ae7da40a047c2dda5e75a64fe
    git: https://github.com/folivetti/srtree.git
- completed:
    commit: 29fcb0f10dc77d5fdeb28bf50d633cef332d329f
    git: https://github.com/folivetti/srtree-datasets.git
    name: srtree-datasets
    pantry-tree:
      sha256: 5e715c7f69cee1903ff9f038baefee6025df98f80e6e87b2e7995291261e2b1d
      size: 693
    version: 0.1.0.0
  original:
    commit: 29fcb0f10dc77d5fdeb28bf50d633cef332d329f
    git: https://github.com/folivetti/srtree-datasets.git
- completed:
    commit: 8b7ff7258ab3f21c605f218fad45f1d388177110
    git: https://github.com/folivetti/pandoc-symreg
    name: pandoc-symreg
    pantry-tree:
      sha256: 9c6dd1b1335417db3be85497312b67848a6a7353ab5bd0aaaa7c2062f7718924
      size: 2589
    version: 0.2.1.3
  original:
    commit: 8b7ff7258ab3f21c605f218fad45f1d388177110
    git: https://github.com/folivetti/pandoc-symreg
snapshots:
- completed:
    sha256: 1d5fb7e344e76dd2c8958e3061d4e4dabb50a1355e6ff02e7d0e4f754c0adf47
    size: 640015
    url: https://raw.githubusercontent.com/commercialhaskell/stackage-snapshots/master/lts/21/5.yaml
  original: lts-21.5
